{
  "version": 4,
  "terraform_version": "1.5.4",
  "serial": 3,
  "lineage": "a2284859-e305-08b4-29f2-b96aeba64713",
  "outputs": {},
  "resources": [
    {
      "mode": "managed",
      "type": "local_file",
      "name": "cat",
      "provider": "provider[\"registry.terraform.io/hashicorp/local\"]",
      "instances": [
        {
          "schema_version": 0,
          "attributes": {
            "content": " My cat name is Mr.whiskers",
            "content_base64": null,
            "content_base64sha256": "UAK6vL9OKZ6iasdJvIuvJdA3fvmeNDMEVU2R5S6VQVY=",
            "content_base64sha512": "7fMN5AiA3juL6/kF6RkhQPZ6Z9P3uFSmfgdu42ACQSdgrjHEBE6u/0OSMSsf6CM8NmHpO281ZYgR4q+3SJCgfA==",
            "content_md5": "4101a39e5e76819880855699f714381c",
            "content_sha1": "c36e3bcfddd31779963471e8205e3c47054eba46",
            "content_sha256": "5002babcbf4e299ea26ac749bc8baf25d0377ef99e343304554d91e52e954156",
            "content_sha512": "edf30de40880de3b8bebf905e9192140f67a67d3f7b854a67e076ee36002412760ae31c4044eaeff4392312b1fe8233c3661e93b6f35658811e2afb74890a07c",
            "directory_permission": "0777",
            "file_permission": "0777",
            "filename": "cats.txt",
            "id": "c36e3bcfddd31779963471e8205e3c47054eba46",
            "sensitive_content": null,
            "source": null
          },
          "sensitive_attributes": []
        }
      ]
    },
    {
      "mode": "managed",
      "type": "local_file",
      "name": "pet",
      "provider": "provider[\"registry.terraform.io/hashicorp/local\"]",
      "instances": [
        {
          "schema_version": 0,
          "attributes": {
            "content": "i love pets!",
            "content_base64": null,
            "content_base64sha256": "BCHQK9YJEtbRO65rPOq+VNXZ8ZTRxoK+LTxcVH/KztY=",
            "content_base64sha512": "x//sAXw7xM56+SG5sqgCr2bL/EHMXWG/UxTZICohBk7dtcLtdpV7LFVxwl8o94NXWpbhrlzawC5+mxuOrbkZHw==",
            "content_md5": "336f960d34073778ab954f8fcb5b64b9",
            "content_sha1": "6915bac2a8e7b1dc89d1a8fb4a51409cb4bcb4ac",
            "content_sha256": "0421d02bd60912d6d13bae6b3ceabe54d5d9f194d1c682be2d3c5c547fcaced6",
            "content_sha512": "c7ffec017c3bc4ce7af921b9b2a802af66cbfc41cc5d61bf5314d9202a21064eddb5c2ed76957b2c5571c25f28f783575a96e1ae5cdac02e7e9b1b8eadb9191f",
            "directory_permission": "0777",
            "file_permission": "0777",
            "filename": "pets.txt",
            "id": "6915bac2a8e7b1dc89d1a8fb4a51409cb4bcb4ac",
            "sensitive_content": null,
            "source": null
          },
          "sensitive_attributes": []
        }
      ]
    }
  ],
  "check_results": null
}
